// !$*UTF8*$!
{
	archiveVersion = 1;
	classes = {
	};
	objectVersion = 48;
	objects = {

/* Begin PBXBuildFile section */
		0C471DB8210F12F70086CF0B /* AppDelegate.swift in Sources */ = {isa = PBXBuildFile; fileRef = 0C471DB7210F12F70086CF0B /* AppDelegate.swift */; };
		0C471DBA210F12F70086CF0B /* TodoListViewController.swift in Sources */ = {isa = PBXBuildFile; fileRef = 0C471DB9210F12F70086CF0B /* TodoListViewController.swift */; };
		0C471DBD210F12F70086CF0B /* Main.storyboard in Resources */ = {isa = PBXBuildFile; fileRef = 0C471DBB210F12F70086CF0B /* Main.storyboard */; };
		0C471DBF210F12F70086CF0B /* Assets.xcassets in Resources */ = {isa = PBXBuildFile; fileRef = 0C471DBE210F12F70086CF0B /* Assets.xcassets */; };
		0C471DC2210F12F70086CF0B /* LaunchScreen.storyboard in Resources */ = {isa = PBXBuildFile; fileRef = 0C471DC0210F12F70086CF0B /* LaunchScreen.storyboard */; };
		0CA469CB21107CA4004AF792 /* Item.swift in Sources */ = {isa = PBXBuildFile; fileRef = 0CA469CA21107CA4004AF792 /* Item.swift */; };
		0CA469CE2110AC27004AF792 /* Default-568h@2x.png in Resources */ = {isa = PBXBuildFile; fileRef = 0CA469CD2110AC27004AF792 /* Default-568h@2x.png */; };
/* End PBXBuildFile section */

/* Begin PBXFileReference section */
		0C471DB4210F12F70086CF0B /* Todoey.app */ = {isa = PBXFileReference; explicitFileType = wrapper.application; includeInIndex = 0; path = Todoey.app; sourceTree = BUILT_PRODUCTS_DIR; };
		0C471DB7210F12F70086CF0B /* AppDelegate.swift */ = {isa = PBXFileReference; lastKnownFileType = sourcecode.swift; path = AppDelegate.swift; sourceTree = "<group>"; };
		0C471DB9210F12F70086CF0B /* TodoListViewController.swift */ = {isa = PBXFileReference; lastKnownFileType = sourcecode.swift; path = TodoListViewController.swift; sourceTree = "<group>"; };
		0C471DBC210F12F70086CF0B /* Base */ = {isa = PBXFileReference; lastKnownFileType = file.storyboard; name = Base; path = Base.lproj/Main.storyboard; sourceTree = "<group>"; };
		0C471DBE210F12F70086CF0B /* Assets.xcassets */ = {isa = PBXFileReference; lastKnownFileType = folder.assetcatalog; path = Assets.xcassets; sourceTree = "<group>"; };
		0C471DC1210F12F70086CF0B /* Base */ = {isa = PBXFileReference; lastKnownFileType = file.storyboard; name = Base; path = Base.lproj/LaunchScreen.storyboard; sourceTree = "<group>"; };
		0C471DC3210F12F70086CF0B /* Info.plist */ = {isa = PBXFileReference; lastKnownFileType = text.plist.xml; path = Info.plist; sourceTree = "<group>"; };
		0CA469CA21107CA4004AF792 /* Item.swift */ = {isa = PBXFileReference; lastKnownFileType = sourcecode.swift; path = Item.swift; sourceTree = "<group>"; };
		0CA469CD2110AC27004AF792 /* Default-568h@2x.png */ = {isa = PBXFileReference; lastKnownFileType = image.png; path = "Default-568h@2x.png"; sourceTree = "<group>"; };
/* End PBXFileReference section */

/* Begin PBXFrameworksBuildPhase section */
		0C471DB1210F12F70086CF0B /* Frameworks */ = {
			isa = PBXFrameworksBuildPhase;
			buildActionMask = 2147483647;
			files = (
			);
			runOnlyForDeploymentPostprocessing = 0;
		};
/* End PBXFrameworksBuildPhase section */

/* Begin PBXGroup section */
		0C471DAB210F12F70086CF0B = {
			isa = PBXGroup;
			children = (
				0CA469CD2110AC27004AF792 /* Default-568h@2x.png */,
				0C471DB6210F12F70086CF0B /* Todoey */,
				0C471DB5210F12F70086CF0B /* Products */,
			);
			sourceTree = "<group>";
		};
		0C471DB5210F12F70086CF0B /* Products */ = {
			isa = PBXGroup;
			children = (
				0C471DB4210F12F70086CF0B /* Todoey.app */,
			);
			name = Products;
			sourceTree = "<group>";
		};
		0C471DB6210F12F70086CF0B /* Todoey */ = {
			isa = PBXGroup;
			children = (
				0C471DC3210F12F70086CF0B /* Info.plist */,
				0CA469C721107C3E004AF792 /* Controller */,
				0CA469C921107C63004AF792 /* View */,
				0CA469C821107C58004AF792 /* Supporting Files */,
				0CA469CC21107CB0004AF792 /* Data Model */,
			);
			path = Todoey;
			sourceTree = "<group>";
		};
		0CA469C721107C3E004AF792 /* Controller */ = {
			isa = PBXGroup;
			children = (
				0C471DB9210F12F70086CF0B /* TodoListViewController.swift */,
				0C471DB7210F12F70086CF0B /* AppDelegate.swift */,
			);
			name = Controller;
			path = View;
			sourceTree = "<group>";
		};
		0CA469C821107C58004AF792 /* Supporting Files */ = {
			isa = PBXGroup;
			children = (
				0C471DBE210F12F70086CF0B /* Assets.xcassets */,
				0C471DC0210F12F70086CF0B /* LaunchScreen.storyboard */,
			);
			path = "Supporting Files";
			sourceTree = "<group>";
		};
		0CA469C921107C63004AF792 /* View */ = {
			isa = PBXGroup;
			children = (
				0C471DBB210F12F70086CF0B /* Main.storyboard */,
			);
			name = View;
			path = "New Group1";
			sourceTree = "<group>";
		};
		0CA469CC21107CB0004AF792 /* Data Model */ = {
			isa = PBXGroup;
			children = (
				0CA469CA21107CA4004AF792 /* Item.swift */,
			);
			path = "Data Model";
			sourceTree = "<group>";
		};
/* End PBXGroup section */

/* Begin PBXNativeTarget section */
		0C471DB3210F12F70086CF0B /* Todoey */ = {
			isa = PBXNativeTarget;
			buildConfigurationList = 0C471DC6210F12F70086CF0B /* Build configuration list for PBXNativeTarget "Todoey" */;
			buildPhases = (
				0C471DB0210F12F70086CF0B /* Sources */,
				0C471DB1210F12F70086CF0B /* Frameworks */,
				0C471DB2210F12F70086CF0B /* Resources */,
			);
			buildRules = (
			);
			dependencies = (
			);
			name = Todoey;
			productName = Todoey;
			productReference = 0C471DB4210F12F70086CF0B /* Todoey.app */;
			productType = "com.apple.product-type.application";
		};
/* End PBXNativeTarget section */

/* Begin PBXProject section */
		0C471DAC210F12F70086CF0B /* Project object */ = {
			isa = PBXProject;
			attributes = {
				LastSwiftUpdateCheck = 0910;
				LastUpgradeCheck = 0910;
				ORGANIZATIONNAME = "Lê Duy";
				TargetAttributes = {
					0C471DB3210F12F70086CF0B = {
						CreatedOnToolsVersion = 9.1;
						ProvisioningStyle = Automatic;
					};
				};
			};
			buildConfigurationList = 0C471DAF210F12F70086CF0B /* Build configuration list for PBXProject "Todoey" */;
			compatibilityVersion = "Xcode 8.0";
			developmentRegion = en;
			hasScannedForEncodings = 0;
			knownRegions = (
				en,
				Base,
			);
			mainGroup = 0C471DAB210F12F70086CF0B;
			productRefGroup = 0C471DB5210F12F70086CF0B /* Products */;
			projectDirPath = "";
			projectRoot = "";
			targets = (
				0C471DB3210F12F70086CF0B /* Todoey */,
			);
		};
/* End PBXProject section */

/* Begin PBXResourcesBuildPhase section */
		0C471DB2210F12F70086CF0B /* Resources */ = {
			isa = PBXResourcesBuildPhase;
			buildActionMask = 2147483647;
			files = (
				0C471DC2210F12F70086CF0B /* LaunchScreen.storyboard in Resources */,
				0CA469CE2110AC27004AF792 /* Default-568h@2x.png in Resources */,
				0C471DBF210F12F70086CF0B /* Assets.xcassets in Resources */,
				0C471DBD210F12F70086CF0B /* Main.storyboard in Resources */,
			);
			runOnlyForDeploymentPostprocessing = 0;
		};
/* End PBXResourcesBuildPhase section */

/* Begin PBXSourcesBuildPhase section */
		0C471DB0210F12F70086CF0B /* Sources */ = {
			isa = PBXSourcesBuildPhase;
			buildActionMask = 2147483647;
			files = (
				0C471DBA210F12F70086CF0B /* TodoListViewController.swift in Sources */,
				0CA469CB21107CA4004AF792 /* Item.swift in Sources */,
				0C471DB8210F12F70086CF0B /* AppDelegate.swift in Sources */,
			);
			runOnlyForDeploymentPostprocessing = 0;
		};
/* End PBXSourcesBuildPhase section */

/* Begin PBXVariantGroup section */
		0C471DBB210F12F70086CF0B /* Main.storyboard */ = {
			isa = PBXVariantGroup;
			children = (
				0C471DBC210F12F70086CF0B /* Base */,
			);
			name = Main.storyboard;
			sourceTree = "<group>";
		};
		0C471DC0210F12F70086CF0B /* LaunchScreen.storyboard */ = {
			isa = PBXVariantGroup;
			children = (
				0C471DC1210F12F70086CF0B /* Base */,
			);
			name = LaunchScreen.storyboard;
			sourceTree = "<group>";
		};
/* End PBXVariantGroup section */

/* Begin XCBuildConfiguration section */
		0C471DC4210F12F70086CF0B /* Debug */ = {
			isa = XCBuildConfiguration;
			buildSettings = {
				ALWAYS_SEARCH_USER_PATHS = NO;
				CLANG_ANALYZER_NONNULL = YES;
				CLANG_ANALYZER_NUMBER_OBJECT_CONVERSION = YES_AGGRESSIVE;
				CLANG_CXX_LANGUAGE_STANDARD = "gnu++14";
				CLANG_CXX_LIBRARY = "libc++";
				CLANG_ENABLE_MODULES = YES;
				CLANG_ENABLE_OBJC_ARC = YES;
				CLANG_WARN_BLOCK_CAPTURE_AUTORELEASING = YES;
				CLANG_WARN_BOOL_CONVERSION = YES;
				CLANG_WARN_COMMA = YES;
				CLANG_WARN_CONSTANT_CONVERSION = YES;
				CLANG_WARN_DIRECT_OBJC_ISA_USAGE = YES_ERROR;
				CLANG_WARN_DOCUMENTATION_COMMENTS = YES;
				CLANG_WARN_EMPTY_BODY = YES;
				CLANG_WARN_ENUM_CONVERSION = YES;
				CLANG_WARN_INFINITE_RECURSION = YES;
				CLANG_WARN_INT_CONVERSION = YES;
				CLANG_WARN_NON_LITERAL_NULL_CONVERSION = YES;
				CLANG_WARN_OBJC_LITERAL_CONVERSION = YES;
				CLANG_WARN_OBJC_ROOT_CLASS = YES_ERROR;
				CLANG_WARN_RANGE_LOOP_ANALYSIS = YES;
				CLANG_WARN_STRICT_PROTOTYPES = YES;
				CLANG_WARN_SUSPICIOUS_MOVE = YES;
				CLANG_WARN_UNGUARDED_AVAILABILITY = YES_AGGRESSIVE;
				CLANG_WARN_UNREACHABLE_CODE = YES;
				CLANG_WARN__DUPLICATE_METHOD_MATCH = YES;
				CODE_SIGN_IDENTITY = "iPhone Developer";
				COPY_PHASE_STRIP = NO;
				DEBUG_INFORMATION_FORMAT = dwarf;
				ENABLE_STRICT_OBJC_MSGSEND = YES;
				ENABLE_TESTABILITY = YES;
				GCC_C_LANGUAGE_STANDARD = gnu11;
				GCC_DYNAMIC_NO_PIC = NO;
				GCC_NO_COMMON_BLOCKS = YES;
				GCC_OPTIMIZATION_LEVEL = 0;
				GCC_PREPROCESSOR_DEFINITIONS = (
					"DEBUG=1",
					"$(inherited)",
				);
				GCC_WARN_64_TO_32_BIT_CONVERSION = YES;
				GCC_WARN_ABOUT_RETURN_TYPE = YES_ERROR;
				GCC_WARN_UNDECLARED_SELECTOR = YES;
				GCC_WARN_UNINITIALIZED_AUTOS = YES_AGGRESSIVE;
				GCC_WARN_UNUSED_FUNCTION = YES;
				GCC_WARN_UNUSED_VARIABLE = YES;
				IPHONEOS_DEPLOYMENT_TARGET = 11.1;
				MTL_ENABLE_DEBUG_INFO = YES;
				ONLY_ACTIVE_ARCH = YES;
				SDKROOT = iphoneos;
				SWIFT_ACTIVE_COMPILATION_CONDITIONS = DEBUG;
				SWIFT_OPTIMIZATION_LEVEL = "-Onone";
			};
			name = Debug;
		};
		0C471DC5210F12F70086CF0B /* Release */ = {
			isa = XCBuildConfiguration;
			buildSettings = {
				ALWAYS_SEARCH_USER_PATHS = NO;
				CLANG_ANALYZER_NONNULL = YES;
				CLANG_ANALYZER_NUMBER_OBJECT_CONVERSION = YES_AGGRESSIVE;
				CLANG_CXX_LANGUAGE_STANDARD = "gnu++14";
				CLANG_CXX_LIBRARY = "libc++";
				CLANG_ENABLE_MODULES = YES;
				CLANG_ENABLE_OBJC_ARC = YES;
				CLANG_WARN_BLOCK_CAPTURE_AUTORELEASING = YES;
				CLANG_WARN_BOOL_CONVERSION = YES;
				CLANG_WARN_COMMA = YES;
				CLANG_WARN_CONSTANT_CONVERSION = YES;
				CLANG_WARN_DIRECT_OBJC_ISA_USAGE = YES_ERROR;
				CLANG_WARN_DOCUMENTATION_COMMENTS = YES;
				CLANG_WARN_EMPTY_BODY = YES;
				CLANG_WARN_ENUM_CONVERSION = YES;
				CLANG_WARN_INFINITE_RECURSION = YES;
				CLANG_WARN_INT_CONVERSION = YES;
				CLANG_WARN_NON_LITERAL_NULL_CONVERSION = YES;
				CLANG_WARN_OBJC_LITERAL_CONVERSION = YES;
				CLANG_WARN_OBJC_ROOT_CLASS = YES_ERROR;
				CLANG_WARN_RANGE_LOOP_ANALYSIS = YES;
				CLANG_WARN_STRICT_PROTOTYPES = YES;
				CLANG_WARN_SUSPICIOUS_MOVE = YES;
				CLANG_WARN_UNGUARDED_AVAILABILITY = YES_AGGRESSIVE;
				CLANG_WARN_UNREACHABLE_CODE = YES;
				CLANG_WARN__DUPLICATE_METHOD_MATCH = YES;
				CODE_SIGN_IDENTITY = "iPhone Developer";
				COPY_PHASE_STRIP = NO;
				DEBUG_INFORMATION_FORMAT = "dwarf-with-dsym";
				ENABLE_NS_ASSERTIONS = NO;
				ENABLE_STRICT_OBJC_MSGSEND = YES;
				GCC_C_LANGUAGE_STANDARD = gnu11;
				GCC_NO_COMMON_BLOCKS = YES;
				GCC_WARN_64_TO_32_BIT_CONVERSION = YES;
				GCC_WARN_ABOUT_RETURN_TYPE = YES_ERROR;
				GCC_WARN_UNDECLARED_SELECTOR = YES;
				GCC_WARN_UNINITIALIZED_AUTOS = YES_AGGRESSIVE;
				GCC_WARN_UNUSED_FUNCTION = YES;
				GCC_WARN_UNUSED_VARIABLE = YES;
				IPHONEOS_DEPLOYMENT_TARGET = 11.1;
				MTL_ENABLE_DEBUG_INFO = NO;
				SDKROOT = iphoneos;
				SWIFT_OPTIMIZATION_LEVEL = "-Owholemodule";
				VALIDATE_PRODUCT = YES;
			};
			name = Release;
		};
		0C471DC7210F12F70086CF0B /* Debug */ = {
			isa = XCBuildConfiguration;
			buildSettings = {
				ASSETCATALOG_COMPILER_APPICON_NAME = AppIcon;
				CODE_SIGN_STYLE = Automatic;
				DEVELOPMENT_TEAM = 8Y4C674JQ3;
				INFOPLIST_FILE = Todoey/Info.plist;
				LD_RUNPATH_SEARCH_PATHS = "$(inherited) @executable_path/Frameworks";
				PRODUCT_BUNDLE_IDENTIFIER = com.DUYdeverloper.Todoey;
				PRODUCT_NAME = "$(TARGET_NAME)";
				SWIFT_VERSION = 4.0;
				TARGETED_DEVICE_FAMILY = "1,2";
			};
			name = Debug;
		};
		0C471DC8210F12F70086CF0B /* Release */ = {
			isa = XCBuildConfiguration;
			buildSettings = {
				ASSETCATALOG_COMPILER_APPICON_NAME = AppIcon;
				CODE_SIGN_STYLE = Automatic;
				DEVELOPMENT_TEAM = 8Y4C674JQ3;
				INFOPLIST_FILE = Todoey/Info.plist;
				LD_RUNPATH_SEARCH_PATHS = "$(inherited) @executable_path/Frameworks";
				PRODUCT_BUNDLE_IDENTIFIER = com.DUYdeverloper.Todoey;
				PRODUCT_NAME = "$(TARGET_NAME)";
				SWIFT_VERSION = 4.0;
				TARGETED_DEVICE_FAMILY = "1,2";
			};
			name = Release;
		};
/* End XCBuildConfiguration section */

/* Begin XCConfigurationList section */
		0C471DAF210F12F70086CF0B /* Build configuration list for PBXProject "Todoey" */ = {
			isa = XCConfigurationList;
			buildConfigurations = (
				0C471DC4210F12F70086CF0B /* Debug */,
				0C471DC5210F12F70086CF0B /* Release */,
			);
			defaultConfigurationIsVisible = 0;
			defaultConfigurationName = Release;
		};
		0C471DC6210F12F70086CF0B /* Build configuration list for PBXNativeTarget "Todoey" */ = {
			isa = XCConfigurationList;
			buildConfigurations = (
				0C471DC7210F12F70086CF0B /* Debug */,
				0C471DC8210F12F70086CF0B /* Release */,
			);
			defaultConfigurationIsVisible = 0;
			defaultConfigurationName = Release;
		};
/* End XCConfigurationList section */
	};
	rootObject = 0C471DAC210F12F70086CF0B /* Project object */;
}
